
Microsoft Visual Studio Solution File, Format Version 12.00
# Visual Studio Version 17
VisualStudioVersion = 17.0.31919.166
MinimumVisualStudioVersion = 10.0.40219.1
Project("{FAE04EC0-301F-11D3-BF4B-00C04F79EFBC}") = "WeatherDBProject", "WeatherDBProject.csproj", "{C41E1502-7F32-44B1-B5F7-5E34F64E2F54}"
EndProject
Global
	GlobalSection(SolutionConfigurationPlatforms) = preSolution
		Debug|Any CPU = Debug|Any CPU
		Release|Any CPU = Release|Any CPU
	EndGlobalSection
	GlobalSection(ProjectConfigurationPlatforms) = postSolution
		{C41E1502-7F32-44B1-B5F7-5E34F64E2F54}.Debug|Any CPU.ActiveCfg = Debug|Any CPU
		{C41E1502-7F32-44B1-B5F7-5E34F64E2F54}.Debug|Any CPU.Build.0 = Debug|Any CPU
		{C41E1502-7F32-44B1-B5F7-5E34F64E2F54}.Release|Any CPU.ActiveCfg = Release|Any CPU
		{C41E1502-7F32-44B1-B5F7-5E34F64E2F54}.Release|Any CPU.Build.0 = Release|Any CPU
	EndGlobalSection
	GlobalSection(SolutionProperties) = preSolution
		HideSolutionNode = FALSE
	EndGlobalSection
	GlobalSection(ExtensibilityGlobals) = postSolution
		SolutionGuid = {3B75A7C0-8B6A-4B4E-AD08-E1E3C3A5CF4E}
	EndGlobalSection
EndGlobal
